# Pinned developer toolchain. Regenerate with: bash scripts/update-toolchain.sh
# Checksums are the npm registry's own SHA-512 integrity hashes, hex-encoded.
#
# supabase.* — the Supabase CLI, which drives everything (docs/supabase-cli.md)
# bun.*      — the JS runtime for packages/ and apps/. NOT for supabase/functions,
#              which must run on Deno because that is what the Edge Runtime is.

supabase.version=2.113.0
supabase.darwin-arm64=438d3495ecd9af361fefe2d22413470947a080ce0d07e24e66bfd1cf21fdf87dd32ab2c233987db96a14ddf904b9571c84102b9986115c15aab02c2adc359dce
supabase.darwin-x64=d2fe1dd664556f912de3e42376b651b47a6c3b57d189b1145c08a3d9335c06e327e04dd2ba364131b30ed163e938a244a63eb2b99185fa8e13f31e9db80d71d5
supabase.linux-arm64=7323686133e3a8e81bd37be8e7c0f035a0771fd49623779af6b28a738d752fdde802ed96f6d6202cce576f68d25b70d3c7319c6d61d7c0e492671801642ae884
supabase.linux-arm64-musl=cd2b1ae1c0105796c067ca5dfa74efaacfad0aeb0991958291403c9eefa4b825a827efb0a9e9e446abbd63d7bd098bbc15739e3c1331a5387173435c17d04c77
supabase.linux-x64=706d3877d420480e27d1eb6f3db66600a383764845e34ac166b88b58238458d2f6ac81f54c2a69cf6419d1216b8763a5c068da490ee5605bf96519f0d275d2d4
supabase.linux-x64-musl=f5ba3be708e24d59dd981a8deaea3112c9abd408527c72cb5ddd466f3c8a03a2bc37f1fbaf5c00787716070f7918af7caf21a0d20a545e8e2899d45488a96365

bun.version=1.3.14
bun.darwin-aarch64=3a68f6d12ba21c13948d4048caab643634942233ad10e27099b8b1fd9c851f805a43a3994da6915884784e31d5cf4c9a7478258ba94b4e2021d6e6ab9ef0f8f4
bun.darwin-x64=1458f741d53f3a1943c99389f0259f3797962e94654f8aa3660ee53108bb8c0e86ba86396a394ed7358b3ff32e1d84526d7414bd5e7645e8cd8bc0d59c0a75df
bun.linux-aarch64=5f94ac3d91ecfa260ef11fde7c8711b5cee04f64360e03df9620b1124c7871706e9b0930d1cfc4b0730dc07dc4806a420da67b21854f869086ff104e40713067
bun.linux-aarch64-musl=8e6a8e03dd8277534bff55c17786c59092f143ce8ad115bba21c52daacf302fba2b4ee09888c638d3782b29a14e38cc2a331fbd87a5f65f504d8e9f7d4e8e758
bun.linux-x64=ece55300abf07cf9926c85751e974ea15571e5545ce36ec6b8f3e77bddcdeaf93879004f21df675e664387dff319a28f75b56356d41265a7d6428523c77f14b7
bun.linux-x64-musl=181081fe4fec22a72bd3a79336083b838eaa894bf7e496acc785e271c27f9fb446aab138456503fd72416d6169ad53e3bea779f7e42d4a74bdf571aabdfb477e
